{
  "name": "@dualsign/avatar-engine",
  "version": "0.1.0",
  "lockfileVersion": 3,
  "requires": true,
  "packages": {
    "": {
      "name": "@dualsign/avatar-engine",
      "version": "0.1.0",
      "dependencies": {
        "@babylonjs/core": "8.32.0",
        "@babylonjs/loaders": "8.32.0"
      },
      "devDependencies": {
        "@types/node": "22.13.10",
        "prettier": "3.5.3",
        "typescript": "5.8.2"
      }
    },
    "node_modules/@babylonjs/core": {
      "version": "8.32.0",
      "resolved": "https://registry.npmjs.org/@babylonjs/core/-/core-8.32.0.tgz",
      "integrity": "sha512-Z83WIe2eZEAOo5bb9Tjd+lY4ru6N8qgtZJGjWcoXOiP3BrtbatPUXdVKqm7m60ItQABFaVdMGygvIXY+wNXU/Q==",
      "license": "Apache-2.0"
    },
    "node_modules/@babylonjs/loaders": {
      "version": "8.32.0",
      "resolved": "https://registry.npmjs.org/@babylonjs/loaders/-/loaders-8.32.0.tgz",
      "integrity": "sha512-H2tKP2z5la0cWkkhVDEVUNSW3n187G2ti6G9OlFXOjr2SBzEWvDfsxL0je94z2SLw8LGH0Y6hBPGP1k/p2/YSg==",
      "license": "Apache-2.0",
      "peerDependencies": {
        "@babylonjs/core": "^8.0.0",
        "babylonjs-gltf2interface": "^8.0.0"
      }
    },
    "node_modules/@types/node": {
      "version": "22.13.10",
      "resolved": "https://registry.npmjs.org/@types/node/-/node-22.13.10.tgz",
      "integrity": "sha512-I6LPUvlRH+O6VRUqYOcMudhaIdUVWfsjnZavnsraHvpBwaEyMN29ry+0UVJhImYL16xsscu0aske3yA+uPOWfw==",
      "dev": true,
      "license": "MIT",
      "dependencies": {
        "undici-types": "~6.20.0"
      }
    },
    "node_modules/babylonjs-gltf2interface": {
      "version": "8.56.2",
      "resolved": "https://registry.npmjs.org/babylonjs-gltf2interface/-/babylonjs-gltf2interface-8.56.2.tgz",
      "integrity": "sha512-c2k14C9mPR0pnfksjBdC4uXEos3t2IAYxcMgn5tI1OSC3aDfr6JAq4kADM4gfN9cUo2qIiDdSg6geUVeU8vi6w==",
      "license": "Apache-2.0",
      "peer": true
    },
    "node_modules/prettier": {
      "version": "3.5.3",
      "resolved": "https://registry.npmjs.org/prettier/-/prettier-3.5.3.tgz",
      "integrity": "sha512-QQtaxnoDJeAkDvDKWCLiwIXkTgRhwYDEQCghU9Z6q03iyek/rxRh/2lC3HB7P8sWT2xC/y5JDctPLBIGzHKbhw==",
      "dev": true,
      "license": "MIT",
      "bin": {
        "prettier": "bin/prettier.cjs"
      },
      "engines": {
        "node": ">=14"
      },
      "funding": {
        "url": "https://github.com/prettier/prettier?sponsor=1"
      }
    },
    "node_modules/typescript": {
      "version": "5.8.2",
      "resolved": "https://registry.npmjs.org/typescript/-/typescript-5.8.2.tgz",
      "integrity": "sha512-aJn6wq13/afZp/jT9QZmwEjDqqvSGp1VT5GVg+f/t6/oVyrgXM6BY1h9BRh/O5p3PlUPAe+WuiEZOmb/49RqoQ==",
      "dev": true,
      "license": "Apache-2.0",
      "bin": {
        "tsc": "bin/tsc",
        "tsserver": "bin/tsserver"
      },
      "engines": {
        "node": ">=14.17"
      }
    },
    "node_modules/undici-types": {
      "version": "6.20.0",
      "resolved": "https://registry.npmjs.org/undici-types/-/undici-types-6.20.0.tgz",
      "integrity": "sha512-Ny6QZ2Nju20vw1SRHe3d9jVu6gJ+4e3+MMpqu7pqE5HT6WsTSlce++GQmK5UXS8mzV8DSYHrQH+Xrf2jVcuKNg==",
      "dev": true,
      "license": "MIT"
    }
  }
}
